
Microsoft Visual Studio Solution File, Format Version 12.00
# Visual Studio Version 17
VisualStudioVersion = 17.12.35527.113 d17.12
MinimumVisualStudioVersion = 10.0.40219.1
Project("{FAE04EC0-301F-11D3-BF4B-00C04F79EFBC}") = "MockExamClassLibrary", "MockExamClassLibrary.csproj", "{C24FC353-0F97-4D1A-8FAD-6A333F8501FA}"
EndProject
Project("{FAE04EC0-301F-11D3-BF4B-00C04F79EFBC}") = "MockExamConsoleApp", "..\MockExamConsoleApp\MockExamConsoleApp.csproj", "{2312CC9F-762E-4687-8298-4C2F2F3C309A}"
	ProjectSection(ProjectDependencies) = postProject
		{2F97086A-32D6-41F2-8184-B390A5E4B2A8} = {2F97086A-32D6-41F2-8184-B390A5E4B2A8}
	EndProjectSection
EndProject
Project("{FAE04EC0-301F-11D3-BF4B-00C04F79EFBC}") = "MockExamWebApp", "..\MockExamWebApp\MockExamWebApp.csproj", "{2F97086A-32D6-41F2-8184-B390A5E4B2A8}"
EndProject
Global
	GlobalSection(SolutionConfigurationPlatforms) = preSolution
		Debug|Any CPU = Debug|Any CPU
		Release|Any CPU = Release|Any CPU
	EndGlobalSection
	GlobalSection(ProjectConfigurationPlatforms) = postSolution
		{C24FC353-0F97-4D1A-8FAD-6A333F8501FA}.Debug|Any CPU.ActiveCfg = Debug|Any CPU
		{C24FC353-0F97-4D1A-8FAD-6A333F8501FA}.Debug|Any CPU.Build.0 = Debug|Any CPU
		{C24FC353-0F97-4D1A-8FAD-6A333F8501FA}.Release|Any CPU.ActiveCfg = Release|Any CPU
		{C24FC353-0F97-4D1A-8FAD-6A333F8501FA}.Release|Any CPU.Build.0 = Release|Any CPU
		{2312CC9F-762E-4687-8298-4C2F2F3C309A}.Debug|Any CPU.ActiveCfg = Debug|Any CPU
		{2312CC9F-762E-4687-8298-4C2F2F3C309A}.Debug|Any CPU.Build.0 = Debug|Any CPU
		{2312CC9F-762E-4687-8298-4C2F2F3C309A}.Release|Any CPU.ActiveCfg = Release|Any CPU
		{2312CC9F-762E-4687-8298-4C2F2F3C309A}.Release|Any CPU.Build.0 = Release|Any CPU
		{2F97086A-32D6-41F2-8184-B390A5E4B2A8}.Debug|Any CPU.ActiveCfg = Debug|Any CPU
		{2F97086A-32D6-41F2-8184-B390A5E4B2A8}.Debug|Any CPU.Build.0 = Debug|Any CPU
		{2F97086A-32D6-41F2-8184-B390A5E4B2A8}.Release|Any CPU.ActiveCfg = Release|Any CPU
		{2F97086A-32D6-41F2-8184-B390A5E4B2A8}.Release|Any CPU.Build.0 = Release|Any CPU
	EndGlobalSection
	GlobalSection(SolutionProperties) = preSolution
		HideSolutionNode = FALSE
	EndGlobalSection
EndGlobal
